
Microsoft Visual Studio Solution File, Format Version 12.00
# Visual Studio Version 17
VisualStudioVersion = 17.2.32616.157
MinimumVisualStudioVersion = 10.0.40219.1
Project("{FAE04EC0-301F-11D3-BF4B-00C04F79EFBC}") = "UnitTesting", "UnitTesting\UnitTesting.csproj", "{F189A66E-D5D2-49D0-A62B-76474C05F48B}"
EndProject
Global
	GlobalSection(SolutionConfigurationPlatforms) = preSolution
		Debug|Any CPU = Debug|Any CPU
		Release|Any CPU = Release|Any CPU
	EndGlobalSection
	GlobalSection(ProjectConfigurationPlatforms) = postSolution
		{F189A66E-D5D2-49D0-A62B-76474C05F48B}.Debug|Any CPU.ActiveCfg = Debug|Any CPU
		{F189A66E-D5D2-49D0-A62B-76474C05F48B}.Debug|Any CPU.Build.0 = Debug|Any CPU
		{F189A66E-D5D2-49D0-A62B-76474C05F48B}.Release|Any CPU.ActiveCfg = Release|Any CPU
		{F189A66E-D5D2-49D0-A62B-76474C05F48B}.Release|Any CPU.Build.0 = Release|Any CPU
		{3A975F90-04EE-4710-9639-3803C6325CCC}.Debug|Any CPU.ActiveCfg = Debug|Any CPU
		{3A975F90-04EE-4710-9639-3803C6325CCC}.Debug|Any CPU.Build.0 = Debug|Any CPU
		{3A975F90-04EE-4710-9639-3803C6325CCC}.Release|Any CPU.ActiveCfg = Release|Any CPU
		{3A975F90-04EE-4710-9639-3803C6325CCC}.Release|Any CPU.Build.0 = Release|Any CPU
	EndGlobalSection
	GlobalSection(SolutionProperties) = preSolution
		HideSolutionNode = FALSE
	EndGlobalSection
	GlobalSection(ExtensibilityGlobals) = postSolution
		SolutionGuid = {BB9906E1-8031-4E2F-88F1-4B74CDEB039B}
	EndGlobalSection
EndGlobal
