
Microsoft Visual Studio Solution File, Format Version 12.00
# Visual Studio Version 16
VisualStudioVersion = 16.0.32602.291
MinimumVisualStudioVersion = 10.0.40219.1
Project("{FAE04EC0-301F-11D3-BF4B-00C04F79EFBC}") = "Task3", "Task3\Task3.csproj", "{7CCCC67E-6426-4D74-8645-95EEB7085FD4}"
EndProject
Global
	GlobalSection(SolutionConfigurationPlatforms) = preSolution
		Debug|Any CPU = Debug|Any CPU
		Release|Any CPU = Release|Any CPU
	EndGlobalSection
	GlobalSection(ProjectConfigurationPlatforms) = postSolution
		{7CCCC67E-6426-4D74-8645-95EEB7085FD4}.Debug|Any CPU.ActiveCfg = Debug|Any CPU
		{7CCCC67E-6426-4D74-8645-95EEB7085FD4}.Debug|Any CPU.Build.0 = Debug|Any CPU
		{7CCCC67E-6426-4D74-8645-95EEB7085FD4}.Release|Any CPU.ActiveCfg = Release|Any CPU
		{7CCCC67E-6426-4D74-8645-95EEB7085FD4}.Release|Any CPU.Build.0 = Release|Any CPU
	EndGlobalSection
	GlobalSection(SolutionProperties) = preSolution
		HideSolutionNode = FALSE
	EndGlobalSection
	GlobalSection(ExtensibilityGlobals) = postSolution
		SolutionGuid = {E67F3EF2-19DF-4350-9ADB-835010BE7113}
	EndGlobalSection
EndGlobal
